
Microsoft Visual Studio Solution File, Format Version 12.00
# Visual Studio 15
VisualStudioVersion = 15.0.28010.2036
MinimumVisualStudioVersion = 10.0.40219.1
Project("{9A19103F-16F7-4668-BE54-9A1E7A4F7556}") = "Shop.Common", "Shop.Common\Shop.Common.csproj", "{201893CF-28FF-4F0F-9198-31A3BDF301DA}"
EndProject
Project("{2150E333-8FDC-42A3-9474-1A3956D46DE8}") = "Backend", "Backend", "{70F6EEAB-4DA5-41EC-BE5E-30D36B0EB26B}"
EndProject
Project("{2150E333-8FDC-42A3-9474-1A3956D46DE8}") = "Frontend", "Frontend", "{C6F748F3-CCAD-4B7D-8182-52AD7AF5800E}"
EndProject
Project("{9A19103F-16F7-4668-BE54-9A1E7A4F7556}") = "Shop.Web", "Shop.Web\Shop.Web.csproj", "{9A236BA9-A7AC-45A5-8A1E-8D83F152E633}"
EndProject
Project("{2150E333-8FDC-42A3-9474-1A3956D46DE8}") = "Forms", "Forms", "{2C2CAEDD-4C30-4109-8F38-629CC82B34C9}"
EndProject
Project("{2150E333-8FDC-42A3-9474-1A3956D46DE8}") = "Classic", "Classic", "{4BC6D747-1513-4F1E-B743-363C8DC56DD6}"
EndProject
Project("{FAE04EC0-301F-11D3-BF4B-00C04F79EFBC}") = "Shop.UIForms.Android", "Shop.UIForms\Shop.UIForms.Android\Shop.UIForms.Android.csproj", "{CBF16987-ADFA-4F55-B425-F44D1E4E30C0}"
EndProject
Project("{FAE04EC0-301F-11D3-BF4B-00C04F79EFBC}") = "Shop.UIForms.iOS", "Shop.UIForms\Shop.UIForms.iOS\Shop.UIForms.iOS.csproj", "{11000B6D-DC6F-47E2-8059-B6821B9BB770}"
EndProject
Project("{FAE04EC0-301F-11D3-BF4B-00C04F79EFBC}") = "Shop.UIForms", "Shop.UIForms\Shop.UIForms\Shop.UIForms.csproj", "{E606423E-BFFB-4942-A556-9043AE70BF50}"
EndProject
Project("{FAE04EC0-301F-11D3-BF4B-00C04F79EFBC}") = "Shop.UIClassic", "Shop.UIClassic\Shop.UIClassic.csproj", "{81EE4332-D919-4828-97FD-1B5CA037852C}"
EndProject
Project("{FAE04EC0-301F-11D3-BF4B-00C04F79EFBC}") = "Shop.UIClassic.Android", "Shop.UIClassic.Android\Shop.UIClassic.Android.csproj", "{D57DA880-64E7-4D17-A316-0993683187CD}"
EndProject
Project("{FAE04EC0-301F-11D3-BF4B-00C04F79EFBC}") = "Shop.UIClassic.iOS", "Shop.UIClassic.iOS\Shop.UIClassic.iOS.csproj", "{80A96B52-6758-4BDB-B0B4-CEA4CA155C60}"
EndProject
Global
	GlobalSection(SolutionConfigurationPlatforms) = preSolution
		Ad-Hoc|Any CPU = Ad-Hoc|Any CPU
		Ad-Hoc|iPhone = Ad-Hoc|iPhone
		Ad-Hoc|iPhoneSimulator = Ad-Hoc|iPhoneSimulator
		AppStore|Any CPU = AppStore|Any CPU
		AppStore|iPhone = AppStore|iPhone
		AppStore|iPhoneSimulator = AppStore|iPhoneSimulator
		Debug|Any CPU = Debug|Any CPU
		Debug|iPhone = Debug|iPhone
		Debug|iPhoneSimulator = Debug|iPhoneSimulator
		Release|Any CPU = Release|Any CPU
		Release|iPhone = Release|iPhone
		Release|iPhoneSimulator = Release|iPhoneSimulator
	EndGlobalSection
	GlobalSection(ProjectConfigurationPlatforms) = postSolution
		{201893CF-28FF-4F0F-9198-31A3BDF301DA}.Ad-Hoc|Any CPU.ActiveCfg = Debug|Any CPU
		{201893CF-28FF-4F0F-9198-31A3BDF301DA}.Ad-Hoc|Any CPU.Build.0 = Debug|Any CPU
		{201893CF-28FF-4F0F-9198-31A3BDF301DA}.Ad-Hoc|iPhone.ActiveCfg = Debug|Any CPU
		{201893CF-28FF-4F0F-9198-31A3BDF301DA}.Ad-Hoc|iPhone.Build.0 = Debug|Any CPU
		{201893CF-28FF-4F0F-9198-31A3BDF301DA}.Ad-Hoc|iPhoneSimulator.ActiveCfg = Debug|Any CPU
		{201893CF-28FF-4F0F-9198-31A3BDF301DA}.Ad-Hoc|iPhoneSimulator.Build.0 = Debug|Any CPU
		{201893CF-28FF-4F0F-9198-31A3BDF301DA}.AppStore|Any CPU.ActiveCfg = Debug|Any CPU
		{201893CF-28FF-4F0F-9198-31A3BDF301DA}.AppStore|Any CPU.Build.0 = Debug|Any CPU
		{201893CF-28FF-4F0F-9198-31A3BDF301DA}.AppStore|iPhone.ActiveCfg = Debug|Any CPU
		{201893CF-28FF-4F0F-9198-31A3BDF301DA}.AppStore|iPhone.Build.0 = Debug|Any CPU
		{201893CF-28FF-4F0F-9198-31A3BDF301DA}.AppStore|iPhoneSimulator.ActiveCfg = Debug|Any CPU
		{201893CF-28FF-4F0F-9198-31A3BDF301DA}.AppStore|iPhoneSimulator.Build.0 = Debug|Any CPU
		{201893CF-28FF-4F0F-9198-31A3BDF301DA}.Debug|Any CPU.ActiveCfg = Debug|Any CPU
		{201893CF-28FF-4F0F-9198-31A3BDF301DA}.Debug|Any CPU.Build.0 = Debug|Any CPU
		{201893CF-28FF-4F0F-9198-31A3BDF301DA}.Debug|iPhone.ActiveCfg = Debug|Any CPU
		{201893CF-28FF-4F0F-9198-31A3BDF301DA}.Debug|iPhone.Build.0 = Debug|Any CPU
		{201893CF-28FF-4F0F-9198-31A3BDF301DA}.Debug|iPhoneSimulator.ActiveCfg = Debug|Any CPU
		{201893CF-28FF-4F0F-9198-31A3BDF301DA}.Debug|iPhoneSimulator.Build.0 = Debug|Any CPU
		{201893CF-28FF-4F0F-9198-31A3BDF301DA}.Release|Any CPU.ActiveCfg = Release|Any CPU
		{201893CF-28FF-4F0F-9198-31A3BDF301DA}.Release|Any CPU.Build.0 = Release|Any CPU
		{201893CF-28FF-4F0F-9198-31A3BDF301DA}.Release|iPhone.ActiveCfg = Release|Any CPU
		{201893CF-28FF-4F0F-9198-31A3BDF301DA}.Release|iPhone.Build.0 = Release|Any CPU
		{201893CF-28FF-4F0F-9198-31A3BDF301DA}.Release|iPhoneSimulator.ActiveCfg = Release|Any CPU
		{201893CF-28FF-4F0F-9198-31A3BDF301DA}.Release|iPhoneSimulator.Build.0 = Release|Any CPU
		{9A236BA9-A7AC-45A5-8A1E-8D83F152E633}.Ad-Hoc|Any CPU.ActiveCfg = Debug|Any CPU
		{9A236BA9-A7AC-45A5-8A1E-8D83F152E633}.Ad-Hoc|Any CPU.Build.0 = Debug|Any CPU
		{9A236BA9-A7AC-45A5-8A1E-8D83F152E633}.Ad-Hoc|iPhone.ActiveCfg = Debug|Any CPU
		{9A236BA9-A7AC-45A5-8A1E-8D83F152E633}.Ad-Hoc|iPhone.Build.0 = Debug|Any CPU
		{9A236BA9-A7AC-45A5-8A1E-8D83F152E633}.Ad-Hoc|iPhoneSimulator.ActiveCfg = Debug|Any CPU
		{9A236BA9-A7AC-45A5-8A1E-8D83F152E633}.Ad-Hoc|iPhoneSimulator.Build.0 = Debug|Any CPU
		{9A236BA9-A7AC-45A5-8A1E-8D83F152E633}.AppStore|Any CPU.ActiveCfg = Debug|Any CPU
		{9A236BA9-A7AC-45A5-8A1E-8D83F152E633}.AppStore|Any CPU.Build.0 = Debug|Any CPU
		{9A236BA9-A7AC-45A5-8A1E-8D83F152E633}.AppStore|iPhone.ActiveCfg = Debug|Any CPU
		{9A236BA9-A7AC-45A5-8A1E-8D83F152E633}.AppStore|iPhone.Build.0 = Debug|Any CPU
		{9A236BA9-A7AC-45A5-8A1E-8D83F152E633}.AppStore|iPhoneSimulator.ActiveCfg = Debug|Any CPU
		{9A236BA9-A7AC-45A5-8A1E-8D83F152E633}.AppStore|iPhoneSimulator.Build.0 = Debug|Any CPU
		{9A236BA9-A7AC-45A5-8A1E-8D83F152E633}.Debug|Any CPU.ActiveCfg = Debug|Any CPU
		{9A236BA9-A7AC-45A5-8A1E-8D83F152E633}.Debug|Any CPU.Build.0 = Debug|Any CPU
		{9A236BA9-A7AC-45A5-8A1E-8D83F152E633}.Debug|iPhone.ActiveCfg = Debug|Any CPU
		{9A236BA9-A7AC-45A5-8A1E-8D83F152E633}.Debug|iPhone.Build.0 = Debug|Any CPU
		{9A236BA9-A7AC-45A5-8A1E-8D83F152E633}.Debug|iPhoneSimulator.ActiveCfg = Debug|Any CPU
		{9A236BA9-A7AC-45A5-8A1E-8D83F152E633}.Debug|iPhoneSimulator.Build.0 = Debug|Any CPU
		{9A236BA9-A7AC-45A5-8A1E-8D83F152E633}.Release|Any CPU.ActiveCfg = Release|Any CPU
		{9A236BA9-A7AC-45A5-8A1E-8D83F152E633}.Release|Any CPU.Build.0 = Release|Any CPU
		{9A236BA9-A7AC-45A5-8A1E-8D83F152E633}.Release|iPhone.ActiveCfg = Release|Any CPU
		{9A236BA9-A7AC-45A5-8A1E-8D83F152E633}.Release|iPhone.Build.0 = Release|Any CPU
		{9A236BA9-A7AC-45A5-8A1E-8D83F152E633}.Release|iPhoneSimulator.ActiveCfg = Release|Any CPU
		{9A236BA9-A7AC-45A5-8A1E-8D83F152E633}.Release|iPhoneSimulator.Build.0 = Release|Any CPU
		{CBF16987-ADFA-4F55-B425-F44D1E4E30C0}.Ad-Hoc|Any CPU.ActiveCfg = Release|Any CPU
		{CBF16987-ADFA-4F55-B425-F44D1E4E30C0}.Ad-Hoc|Any CPU.Build.0 = Release|Any CPU
		{CBF16987-ADFA-4F55-B425-F44D1E4E30C0}.Ad-Hoc|Any CPU.Deploy.0 = Release|Any CPU
		{CBF16987-ADFA-4F55-B425-F44D1E4E30C0}.Ad-Hoc|iPhone.ActiveCfg = Release|Any CPU
		{CBF16987-ADFA-4F55-B425-F44D1E4E30C0}.Ad-Hoc|iPhone.Build.0 = Release|Any CPU
		{CBF16987-ADFA-4F55-B425-F44D1E4E30C0}.Ad-Hoc|iPhone.Deploy.0 = Release|Any CPU
		{CBF16987-ADFA-4F55-B425-F44D1E4E30C0}.Ad-Hoc|iPhoneSimulator.ActiveCfg = Release|Any CPU
		{CBF16987-ADFA-4F55-B425-F44D1E4E30C0}.Ad-Hoc|iPhoneSimulator.Build.0 = Release|Any CPU
		{CBF16987-ADFA-4F55-B425-F44D1E4E30C0}.Ad-Hoc|iPhoneSimulator.Deploy.0 = Release|Any CPU
		{CBF16987-ADFA-4F55-B425-F44D1E4E30C0}.AppStore|Any CPU.ActiveCfg = Release|Any CPU
		{CBF16987-ADFA-4F55-B425-F44D1E4E30C0}.AppStore|Any CPU.Build.0 = Release|Any CPU
		{CBF16987-ADFA-4F55-B425-F44D1E4E30C0}.AppStore|Any CPU.Deploy.0 = Release|Any CPU
		{CBF16987-ADFA-4F55-B425-F44D1E4E30C0}.AppStore|iPhone.ActiveCfg = Release|Any CPU
		{CBF16987-ADFA-4F55-B425-F44D1E4E30C0}.AppStore|iPhone.Build.0 = Release|Any CPU
		{CBF16987-ADFA-4F55-B425-F44D1E4E30C0}.AppStore|iPhone.Deploy.0 = Release|Any CPU
		{CBF16987-ADFA-4F55-B425-F44D1E4E30C0}.AppStore|iPhoneSimulator.ActiveCfg = Release|Any CPU
		{CBF16987-ADFA-4F55-B425-F44D1E4E30C0}.AppStore|iPhoneSimulator.Build.0 = Release|Any CPU
		{CBF16987-ADFA-4F55-B425-F44D1E4E30C0}.AppStore|iPhoneSimulator.Deploy.0 = Release|Any CPU
		{CBF16987-ADFA-4F55-B425-F44D1E4E30C0}.Debug|Any CPU.ActiveCfg = Debug|Any CPU
		{CBF16987-ADFA-4F55-B425-F44D1E4E30C0}.Debug|Any CPU.Build.0 = Debug|Any CPU
		{CBF16987-ADFA-4F55-B425-F44D1E4E30C0}.Debug|Any CPU.Deploy.0 = Debug|Any CPU
		{CBF16987-ADFA-4F55-B425-F44D1E4E30C0}.Debug|iPhone.ActiveCfg = Debug|Any CPU
		{CBF16987-ADFA-4F55-B425-F44D1E4E30C0}.Debug|iPhone.Build.0 = Debug|Any CPU
		{CBF16987-ADFA-4F55-B425-F44D1E4E30C0}.Debug|iPhone.Deploy.0 = Debug|Any CPU
		{CBF16987-ADFA-4F55-B425-F44D1E4E30C0}.Debug|iPhoneSimulator.ActiveCfg = Debug|Any CPU
		{CBF16987-ADFA-4F55-B425-F44D1E4E30C0}.Debug|iPhoneSimulator.Build.0 = Debug|Any CPU
		{CBF16987-ADFA-4F55-B425-F44D1E4E30C0}.Debug|iPhoneSimulator.Deploy.0 = Debug|Any CPU
		{CBF16987-ADFA-4F55-B425-F44D1E4E30C0}.Release|Any CPU.ActiveCfg = Release|Any CPU
		{CBF16987-ADFA-4F55-B425-F44D1E4E30C0}.Release|Any CPU.Build.0 = Release|Any CPU
		{CBF16987-ADFA-4F55-B425-F44D1E4E30C0}.Release|Any CPU.Deploy.0 = Release|Any CPU
		{CBF16987-ADFA-4F55-B425-F44D1E4E30C0}.Release|iPhone.ActiveCfg = Release|Any CPU
		{CBF16987-ADFA-4F55-B425-F44D1E4E30C0}.Release|iPhone.Build.0 = Release|Any CPU
		{CBF16987-ADFA-4F55-B425-F44D1E4E30C0}.Release|iPhone.Deploy.0 = Release|Any CPU
		{CBF16987-ADFA-4F55-B425-F44D1E4E30C0}.Release|iPhoneSimulator.ActiveCfg = Release|Any CPU
		{CBF16987-ADFA-4F55-B425-F44D1E4E30C0}.Release|iPhoneSimulator.Build.0 = Release|Any CPU
		{CBF16987-ADFA-4F55-B425-F44D1E4E30C0}.Release|iPhoneSimulator.Deploy.0 = Release|Any CPU
		{11000B6D-DC6F-47E2-8059-B6821B9BB770}.Ad-Hoc|Any CPU.ActiveCfg = Ad-Hoc|iPhone
		{11000B6D-DC6F-47E2-8059-B6821B9BB770}.Ad-Hoc|iPhone.ActiveCfg = Ad-Hoc|iPhone
		{11000B6D-DC6F-47E2-8059-B6821B9BB770}.Ad-Hoc|iPhone.Build.0 = Ad-Hoc|iPhone
		{11000B6D-DC6F-47E2-8059-B6821B9BB770}.Ad-Hoc|iPhoneSimulator.ActiveCfg = Ad-Hoc|iPhoneSimulator
		{11000B6D-DC6F-47E2-8059-B6821B9BB770}.Ad-Hoc|iPhoneSimulator.Build.0 = Ad-Hoc|iPhoneSimulator
		{11000B6D-DC6F-47E2-8059-B6821B9BB770}.AppStore|Any CPU.ActiveCfg = AppStore|iPhone
		{11000B6D-DC6F-47E2-8059-B6821B9BB770}.AppStore|iPhone.ActiveCfg = AppStore|iPhone
		{11000B6D-DC6F-47E2-8059-B6821B9BB770}.AppStore|iPhone.Build.0 = AppStore|iPhone
		{11000B6D-DC6F-47E2-8059-B6821B9BB770}.AppStore|iPhoneSimulator.ActiveCfg = AppStore|iPhoneSimulator
		{11000B6D-DC6F-47E2-8059-B6821B9BB770}.AppStore|iPhoneSimulator.Build.0 = AppStore|iPhoneSimulator
		{11000B6D-DC6F-47E2-8059-B6821B9BB770}.Debug|Any CPU.ActiveCfg = Debug|iPhone
		{11000B6D-DC6F-47E2-8059-B6821B9BB770}.Debug|iPhone.ActiveCfg = Debug|iPhone
		{11000B6D-DC6F-47E2-8059-B6821B9BB770}.Debug|iPhone.Build.0 = Debug|iPhone
		{11000B6D-DC6F-47E2-8059-B6821B9BB770}.Debug|iPhoneSimulator.ActiveCfg = Debug|iPhoneSimulator
		{11000B6D-DC6F-47E2-8059-B6821B9BB770}.Debug|iPhoneSimulator.Build.0 = Debug|iPhoneSimulator
		{11000B6D-DC6F-47E2-8059-B6821B9BB770}.Release|Any CPU.ActiveCfg = Release|iPhone
		{11000B6D-DC6F-47E2-8059-B6821B9BB770}.Release|iPhone.ActiveCfg = Release|iPhone
		{11000B6D-DC6F-47E2-8059-B6821B9BB770}.Release|iPhone.Build.0 = Release|iPhone
		{11000B6D-DC6F-47E2-8059-B6821B9BB770}.Release|iPhoneSimulator.ActiveCfg = Release|iPhoneSimulator
		{11000B6D-DC6F-47E2-8059-B6821B9BB770}.Release|iPhoneSimulator.Build.0 = Release|iPhoneSimulator
		{E606423E-BFFB-4942-A556-9043AE70BF50}.Ad-Hoc|Any CPU.ActiveCfg = Debug|Any CPU
		{E606423E-BFFB-4942-A556-9043AE70BF50}.Ad-Hoc|Any CPU.Build.0 = Debug|Any CPU
		{E606423E-BFFB-4942-A556-9043AE70BF50}.Ad-Hoc|iPhone.ActiveCfg = Debug|Any CPU
		{E606423E-BFFB-4942-A556-9043AE70BF50}.Ad-Hoc|iPhone.Build.0 = Debug|Any CPU
		{E606423E-BFFB-4942-A556-9043AE70BF50}.Ad-Hoc|iPhoneSimulator.ActiveCfg = Debug|Any CPU
		{E606423E-BFFB-4942-A556-9043AE70BF50}.Ad-Hoc|iPhoneSimulator.Build.0 = Debug|Any CPU
		{E606423E-BFFB-4942-A556-9043AE70BF50}.AppStore|Any CPU.ActiveCfg = Debug|Any CPU
		{E606423E-BFFB-4942-A556-9043AE70BF50}.AppStore|Any CPU.Build.0 = Debug|Any CPU
		{E606423E-BFFB-4942-A556-9043AE70BF50}.AppStore|iPhone.ActiveCfg = Debug|Any CPU
		{E606423E-BFFB-4942-A556-9043AE70BF50}.AppStore|iPhone.Build.0 = Debug|Any CPU
		{E606423E-BFFB-4942-A556-9043AE70BF50}.AppStore|iPhoneSimulator.ActiveCfg = Debug|Any CPU
		{E606423E-BFFB-4942-A556-9043AE70BF50}.AppStore|iPhoneSimulator.Build.0 = Debug|Any CPU
		{E606423E-BFFB-4942-A556-9043AE70BF50}.Debug|Any CPU.ActiveCfg = Debug|Any CPU
		{E606423E-BFFB-4942-A556-9043AE70BF50}.Debug|Any CPU.Build.0 = Debug|Any CPU
		{E606423E-BFFB-4942-A556-9043AE70BF50}.Debug|iPhone.ActiveCfg = Debug|Any CPU
		{E606423E-BFFB-4942-A556-9043AE70BF50}.Debug|iPhone.Build.0 = Debug|Any CPU
		{E606423E-BFFB-4942-A556-9043AE70BF50}.Debug|iPhoneSimulator.ActiveCfg = Debug|Any CPU
		{E606423E-BFFB-4942-A556-9043AE70BF50}.Debug|iPhoneSimulator.Build.0 = Debug|Any CPU
		{E606423E-BFFB-4942-A556-9043AE70BF50}.Release|Any CPU.ActiveCfg = Release|Any CPU
		{E606423E-BFFB-4942-A556-9043AE70BF50}.Release|Any CPU.Build.0 = Release|Any CPU
		{E606423E-BFFB-4942-A556-9043AE70BF50}.Release|iPhone.ActiveCfg = Release|Any CPU
		{E606423E-BFFB-4942-A556-9043AE70BF50}.Release|iPhone.Build.0 = Release|Any CPU
		{E606423E-BFFB-4942-A556-9043AE70BF50}.Release|iPhoneSimulator.ActiveCfg = Release|Any CPU
		{E606423E-BFFB-4942-A556-9043AE70BF50}.Release|iPhoneSimulator.Build.0 = Release|Any CPU
		{81EE4332-D919-4828-97FD-1B5CA037852C}.Ad-Hoc|Any CPU.ActiveCfg = Debug|Any CPU
		{81EE4332-D919-4828-97FD-1B5CA037852C}.Ad-Hoc|Any CPU.Build.0 = Debug|Any CPU
		{81EE4332-D919-4828-97FD-1B5CA037852C}.Ad-Hoc|iPhone.ActiveCfg = Debug|Any CPU
		{81EE4332-D919-4828-97FD-1B5CA037852C}.Ad-Hoc|iPhone.Build.0 = Debug|Any CPU
		{81EE4332-D919-4828-97FD-1B5CA037852C}.Ad-Hoc|iPhoneSimulator.ActiveCfg = Debug|Any CPU
		{81EE4332-D919-4828-97FD-1B5CA037852C}.Ad-Hoc|iPhoneSimulator.Build.0 = Debug|Any CPU
		{81EE4332-D919-4828-97FD-1B5CA037852C}.AppStore|Any CPU.ActiveCfg = Debug|Any CPU
		{81EE4332-D919-4828-97FD-1B5CA037852C}.AppStore|Any CPU.Build.0 = Debug|Any CPU
		{81EE4332-D919-4828-97FD-1B5CA037852C}.AppStore|iPhone.ActiveCfg = Debug|Any CPU
		{81EE4332-D919-4828-97FD-1B5CA037852C}.AppStore|iPhone.Build.0 = Debug|Any CPU
		{81EE4332-D919-4828-97FD-1B5CA037852C}.AppStore|iPhoneSimulator.ActiveCfg = Debug|Any CPU
		{81EE4332-D919-4828-97FD-1B5CA037852C}.AppStore|iPhoneSimulator.Build.0 = Debug|Any CPU
		{81EE4332-D919-4828-97FD-1B5CA037852C}.Debug|Any CPU.ActiveCfg = Debug|Any CPU
		{81EE4332-D919-4828-97FD-1B5CA037852C}.Debug|Any CPU.Build.0 = Debug|Any CPU
		{81EE4332-D919-4828-97FD-1B5CA037852C}.Debug|iPhone.ActiveCfg = Debug|Any CPU
		{81EE4332-D919-4828-97FD-1B5CA037852C}.Debug|iPhone.Build.0 = Debug|Any CPU
		{81EE4332-D919-4828-97FD-1B5CA037852C}.Debug|iPhoneSimulator.ActiveCfg = Debug|Any CPU
		{81EE4332-D919-4828-97FD-1B5CA037852C}.Debug|iPhoneSimulator.Build.0 = Debug|Any CPU
		{81EE4332-D919-4828-97FD-1B5CA037852C}.Release|Any CPU.ActiveCfg = Release|Any CPU
		{81EE4332-D919-4828-97FD-1B5CA037852C}.Release|Any CPU.Build.0 = Release|Any CPU
		{81EE4332-D919-4828-97FD-1B5CA037852C}.Release|iPhone.ActiveCfg = Release|Any CPU
		{81EE4332-D919-4828-97FD-1B5CA037852C}.Release|iPhone.Build.0 = Release|Any CPU
		{81EE4332-D919-4828-97FD-1B5CA037852C}.Release|iPhoneSimulator.ActiveCfg = Release|Any CPU
		{81EE4332-D919-4828-97FD-1B5CA037852C}.Release|iPhoneSimulator.Build.0 = Release|Any CPU
		{D57DA880-64E7-4D17-A316-0993683187CD}.Ad-Hoc|Any CPU.ActiveCfg = Release|Any CPU
		{D57DA880-64E7-4D17-A316-0993683187CD}.Ad-Hoc|Any CPU.Build.0 = Release|Any CPU
		{D57DA880-64E7-4D17-A316-0993683187CD}.Ad-Hoc|Any CPU.Deploy.0 = Release|Any CPU
		{D57DA880-64E7-4D17-A316-0993683187CD}.Ad-Hoc|iPhone.ActiveCfg = Release|Any CPU
		{D57DA880-64E7-4D17-A316-0993683187CD}.Ad-Hoc|iPhone.Build.0 = Release|Any CPU
		{D57DA880-64E7-4D17-A316-0993683187CD}.Ad-Hoc|iPhone.Deploy.0 = Release|Any CPU
		{D57DA880-64E7-4D17-A316-0993683187CD}.Ad-Hoc|iPhoneSimulator.ActiveCfg = Release|Any CPU
		{D57DA880-64E7-4D17-A316-0993683187CD}.Ad-Hoc|iPhoneSimulator.Build.0 = Release|Any CPU
		{D57DA880-64E7-4D17-A316-0993683187CD}.Ad-Hoc|iPhoneSimulator.Deploy.0 = Release|Any CPU
		{D57DA880-64E7-4D17-A316-0993683187CD}.AppStore|Any CPU.ActiveCfg = Release|Any CPU
		{D57DA880-64E7-4D17-A316-0993683187CD}.AppStore|Any CPU.Build.0 = Release|Any CPU
		{D57DA880-64E7-4D17-A316-0993683187CD}.AppStore|Any CPU.Deploy.0 = Release|Any CPU
		{D57DA880-64E7-4D17-A316-0993683187CD}.AppStore|iPhone.ActiveCfg = Release|Any CPU
		{D57DA880-64E7-4D17-A316-0993683187CD}.AppStore|iPhone.Build.0 = Release|Any CPU
		{D57DA880-64E7-4D17-A316-0993683187CD}.AppStore|iPhone.Deploy.0 = Release|Any CPU
		{D57DA880-64E7-4D17-A316-0993683187CD}.AppStore|iPhoneSimulator.ActiveCfg = Release|Any CPU
		{D57DA880-64E7-4D17-A316-0993683187CD}.AppStore|iPhoneSimulator.Build.0 = Release|Any CPU
		{D57DA880-64E7-4D17-A316-0993683187CD}.AppStore|iPhoneSimulator.Deploy.0 = Release|Any CPU
		{D57DA880-64E7-4D17-A316-0993683187CD}.Debug|Any CPU.ActiveCfg = Debug|Any CPU
		{D57DA880-64E7-4D17-A316-0993683187CD}.Debug|Any CPU.Build.0 = Debug|Any CPU
		{D57DA880-64E7-4D17-A316-0993683187CD}.Debug|Any CPU.Deploy.0 = Debug|Any CPU
		{D57DA880-64E7-4D17-A316-0993683187CD}.Debug|iPhone.ActiveCfg = Debug|Any CPU
		{D57DA880-64E7-4D17-A316-0993683187CD}.Debug|iPhone.Build.0 = Debug|Any CPU
		{D57DA880-64E7-4D17-A316-0993683187CD}.Debug|iPhone.Deploy.0 = Debug|Any CPU
		{D57DA880-64E7-4D17-A316-0993683187CD}.Debug|iPhoneSimulator.ActiveCfg = Debug|Any CPU
		{D57DA880-64E7-4D17-A316-0993683187CD}.Debug|iPhoneSimulator.Build.0 = Debug|Any CPU
		{D57DA880-64E7-4D17-A316-0993683187CD}.Debug|iPhoneSimulator.Deploy.0 = Debug|Any CPU
		{D57DA880-64E7-4D17-A316-0993683187CD}.Release|Any CPU.ActiveCfg = Release|Any CPU
		{D57DA880-64E7-4D17-A316-0993683187CD}.Release|Any CPU.Build.0 = Release|Any CPU
		{D57DA880-64E7-4D17-A316-0993683187CD}.Release|Any CPU.Deploy.0 = Release|Any CPU
		{D57DA880-64E7-4D17-A316-0993683187CD}.Release|iPhone.ActiveCfg = Release|Any CPU
		{D57DA880-64E7-4D17-A316-0993683187CD}.Release|iPhone.Build.0 = Release|Any CPU
		{D57DA880-64E7-4D17-A316-0993683187CD}.Release|iPhone.Deploy.0 = Release|Any CPU
		{D57DA880-64E7-4D17-A316-0993683187CD}.Release|iPhoneSimulator.ActiveCfg = Release|Any CPU
		{D57DA880-64E7-4D17-A316-0993683187CD}.Release|iPhoneSimulator.Build.0 = Release|Any CPU
		{D57DA880-64E7-4D17-A316-0993683187CD}.Release|iPhoneSimulator.Deploy.0 = Release|Any CPU
		{80A96B52-6758-4BDB-B0B4-CEA4CA155C60}.Ad-Hoc|Any CPU.ActiveCfg = Release|iPhone
		{80A96B52-6758-4BDB-B0B4-CEA4CA155C60}.Ad-Hoc|Any CPU.Build.0 = Release|iPhone
		{80A96B52-6758-4BDB-B0B4-CEA4CA155C60}.Ad-Hoc|iPhone.ActiveCfg = Release|iPhone
		{80A96B52-6758-4BDB-B0B4-CEA4CA155C60}.Ad-Hoc|iPhone.Build.0 = Release|iPhone
		{80A96B52-6758-4BDB-B0B4-CEA4CA155C60}.Ad-Hoc|iPhoneSimulator.ActiveCfg = Release|iPhoneSimulator
		{80A96B52-6758-4BDB-B0B4-CEA4CA155C60}.Ad-Hoc|iPhoneSimulator.Build.0 = Release|iPhoneSimulator
		{80A96B52-6758-4BDB-B0B4-CEA4CA155C60}.AppStore|Any CPU.ActiveCfg = Release|iPhone
		{80A96B52-6758-4BDB-B0B4-CEA4CA155C60}.AppStore|Any CPU.Build.0 = Release|iPhone
		{80A96B52-6758-4BDB-B0B4-CEA4CA155C60}.AppStore|iPhone.ActiveCfg = Release|iPhone
		{80A96B52-6758-4BDB-B0B4-CEA4CA155C60}.AppStore|iPhone.Build.0 = Release|iPhone
		{80A96B52-6758-4BDB-B0B4-CEA4CA155C60}.AppStore|iPhoneSimulator.ActiveCfg = Release|iPhoneSimulator
		{80A96B52-6758-4BDB-B0B4-CEA4CA155C60}.AppStore|iPhoneSimulator.Build.0 = Release|iPhoneSimulator
		{80A96B52-6758-4BDB-B0B4-CEA4CA155C60}.Debug|Any CPU.ActiveCfg = Debug|iPhone
		{80A96B52-6758-4BDB-B0B4-CEA4CA155C60}.Debug|iPhone.ActiveCfg = Debug|iPhone
		{80A96B52-6758-4BDB-B0B4-CEA4CA155C60}.Debug|iPhone.Build.0 = Debug|iPhone
		{80A96B52-6758-4BDB-B0B4-CEA4CA155C60}.Debug|iPhoneSimulator.ActiveCfg = Debug|iPhoneSimulator
		{80A96B52-6758-4BDB-B0B4-CEA4CA155C60}.Debug|iPhoneSimulator.Build.0 = Debug|iPhoneSimulator
		{80A96B52-6758-4BDB-B0B4-CEA4CA155C60}.Release|Any CPU.ActiveCfg = Release|iPhone
		{80A96B52-6758-4BDB-B0B4-CEA4CA155C60}.Release|iPhone.ActiveCfg = Release|iPhone
		{80A96B52-6758-4BDB-B0B4-CEA4CA155C60}.Release|iPhone.Build.0 = Release|iPhone
		{80A96B52-6758-4BDB-B0B4-CEA4CA155C60}.Release|iPhoneSimulator.ActiveCfg = Release|iPhoneSimulator
		{80A96B52-6758-4BDB-B0B4-CEA4CA155C60}.Release|iPhoneSimulator.Build.0 = Release|iPhoneSimulator
	EndGlobalSection
	GlobalSection(SolutionProperties) = preSolution
		HideSolutionNode = FALSE
	EndGlobalSection
	GlobalSection(NestedProjects) = preSolution
		{9A236BA9-A7AC-45A5-8A1E-8D83F152E633} = {70F6EEAB-4DA5-41EC-BE5E-30D36B0EB26B}
		{2C2CAEDD-4C30-4109-8F38-629CC82B34C9} = {C6F748F3-CCAD-4B7D-8182-52AD7AF5800E}
		{4BC6D747-1513-4F1E-B743-363C8DC56DD6} = {C6F748F3-CCAD-4B7D-8182-52AD7AF5800E}
		{CBF16987-ADFA-4F55-B425-F44D1E4E30C0} = {2C2CAEDD-4C30-4109-8F38-629CC82B34C9}
		{11000B6D-DC6F-47E2-8059-B6821B9BB770} = {2C2CAEDD-4C30-4109-8F38-629CC82B34C9}
		{E606423E-BFFB-4942-A556-9043AE70BF50} = {2C2CAEDD-4C30-4109-8F38-629CC82B34C9}
		{81EE4332-D919-4828-97FD-1B5CA037852C} = {4BC6D747-1513-4F1E-B743-363C8DC56DD6}
		{D57DA880-64E7-4D17-A316-0993683187CD} = {4BC6D747-1513-4F1E-B743-363C8DC56DD6}
		{80A96B52-6758-4BDB-B0B4-CEA4CA155C60} = {4BC6D747-1513-4F1E-B743-363C8DC56DD6}
	EndGlobalSection
	GlobalSection(ExtensibilityGlobals) = postSolution
		SolutionGuid = {336DEF6D-2E6B-4F7D-B7BA-ED4A6DC6F36D}
	EndGlobalSection
EndGlobal
